
Microsoft Visual Studio Solution File, Format Version 12.00
# Visual Studio Version 16
VisualStudioVersion = 16.0.30711.63
MinimumVisualStudioVersion = 10.0.40219.1
Project("{FAE04EC0-301F-11D3-BF4B-00C04F79EFBC}") = "SimpleTxtViewer", "SimpleTxtViewer\SimpleTxtViewer.csproj", "{E2145EA4-6E23-4449-AD0B-0C2EC412CCAF}"
EndProject
Project("{FAE04EC0-301F-11D3-BF4B-00C04F79EFBC}") = "IconsRecources", "IconsRecources\IconsRecources.csproj", "{4377B478-6B4D-477C-9C1F-71F06ED64B45}"
EndProject
Global
	GlobalSection(SolutionConfigurationPlatforms) = preSolution
		Debug|Any CPU = Debug|Any CPU
		Release|Any CPU = Release|Any CPU
	EndGlobalSection
	GlobalSection(ProjectConfigurationPlatforms) = postSolution
		{E2145EA4-6E23-4449-AD0B-0C2EC412CCAF}.Debug|Any CPU.ActiveCfg = Debug|Any CPU
		{E2145EA4-6E23-4449-AD0B-0C2EC412CCAF}.Debug|Any CPU.Build.0 = Debug|Any CPU
		{E2145EA4-6E23-4449-AD0B-0C2EC412CCAF}.Release|Any CPU.ActiveCfg = Release|Any CPU
		{E2145EA4-6E23-4449-AD0B-0C2EC412CCAF}.Release|Any CPU.Build.0 = Release|Any CPU
		{4377B478-6B4D-477C-9C1F-71F06ED64B45}.Debug|Any CPU.ActiveCfg = Debug|Any CPU
		{4377B478-6B4D-477C-9C1F-71F06ED64B45}.Debug|Any CPU.Build.0 = Debug|Any CPU
		{4377B478-6B4D-477C-9C1F-71F06ED64B45}.Release|Any CPU.ActiveCfg = Release|Any CPU
		{4377B478-6B4D-477C-9C1F-71F06ED64B45}.Release|Any CPU.Build.0 = Release|Any CPU
	EndGlobalSection
	GlobalSection(SolutionProperties) = preSolution
		HideSolutionNode = FALSE
	EndGlobalSection
	GlobalSection(ExtensibilityGlobals) = postSolution
		SolutionGuid = {E57CD091-5201-4EFB-AFBC-FF594229F6DB}
	EndGlobalSection
EndGlobal
